
Microsoft Visual Studio Solution File, Format Version 12.00
# Visual Studio 15
VisualStudioVersion = 15.0.28307.1169
MinimumVisualStudioVersion = 10.0.40219.1
Project("{FAE04EC0-301F-11D3-BF4B-00C04F79EFBC}") = "PassManager", "PassManager\PassManager.csproj", "{71F41DBF-3B41-4755-AC53-9800CA8185B3}"
EndProject
Project("{FAE04EC0-301F-11D3-BF4B-00C04F79EFBC}") = "PassManagerUnitTests", "PassManagerUnitTests\PassManagerUnitTests.csproj", "{62834D80-FEA7-41F1-9069-0BC0441E2C6E}"
EndProject
Global
	GlobalSection(SolutionConfigurationPlatforms) = preSolution
		Debug|Any CPU = Debug|Any CPU
		Release|Any CPU = Release|Any CPU
	EndGlobalSection
	GlobalSection(ProjectConfigurationPlatforms) = postSolution
		{71F41DBF-3B41-4755-AC53-9800CA8185B3}.Debug|Any CPU.ActiveCfg = Debug|Any CPU
		{71F41DBF-3B41-4755-AC53-9800CA8185B3}.Debug|Any CPU.Build.0 = Debug|Any CPU
		{71F41DBF-3B41-4755-AC53-9800CA8185B3}.Release|Any CPU.ActiveCfg = Release|Any CPU
		{71F41DBF-3B41-4755-AC53-9800CA8185B3}.Release|Any CPU.Build.0 = Release|Any CPU
		{62834D80-FEA7-41F1-9069-0BC0441E2C6E}.Debug|Any CPU.ActiveCfg = Debug|Any CPU
		{62834D80-FEA7-41F1-9069-0BC0441E2C6E}.Debug|Any CPU.Build.0 = Debug|Any CPU
		{62834D80-FEA7-41F1-9069-0BC0441E2C6E}.Release|Any CPU.ActiveCfg = Release|Any CPU
		{62834D80-FEA7-41F1-9069-0BC0441E2C6E}.Release|Any CPU.Build.0 = Release|Any CPU
	EndGlobalSection
	GlobalSection(SolutionProperties) = preSolution
		HideSolutionNode = FALSE
	EndGlobalSection
	GlobalSection(ExtensibilityGlobals) = postSolution
		SolutionGuid = {33E078F5-F43C-4561-BE11-483C6B4D65D8}
	EndGlobalSection
EndGlobal
